
Microsoft Visual Studio Solution File, Format Version 12.00
# Visual Studio Version 17
VisualStudioVersion = 17.6.33829.357
MinimumVisualStudioVersion = 10.0.40219.1
Project("{9A19103F-16F7-4668-BE54-9A1E7A4F7556}") = "SSHBotDeployer", "SSHBotDeployer.csproj", "{FE10CA48-DD79-47A4-9014-07D284E55E27}"
EndProject
Global
	GlobalSection(SolutionConfigurationPlatforms) = preSolution
		Debug|Any CPU = Debug|Any CPU
		Debug|x64 = Debug|x64
		Release|Any CPU = Release|Any CPU
		Release|x64 = Release|x64
	EndGlobalSection
	GlobalSection(ProjectConfigurationPlatforms) = postSolution
		{FE10CA48-DD79-47A4-9014-07D284E55E27}.Debug|Any CPU.ActiveCfg = Debug|Any CPU
		{FE10CA48-DD79-47A4-9014-07D284E55E27}.Debug|Any CPU.Build.0 = Debug|Any CPU
		{FE10CA48-DD79-47A4-9014-07D284E55E27}.Debug|x64.ActiveCfg = Debug|x64
		{FE10CA48-DD79-47A4-9014-07D284E55E27}.Debug|x64.Build.0 = Debug|x64
		{FE10CA48-DD79-47A4-9014-07D284E55E27}.Release|Any CPU.ActiveCfg = Release|Any CPU
		{FE10CA48-DD79-47A4-9014-07D284E55E27}.Release|Any CPU.Build.0 = Release|Any CPU
		{FE10CA48-DD79-47A4-9014-07D284E55E27}.Release|x64.ActiveCfg = Release|x64
		{FE10CA48-DD79-47A4-9014-07D284E55E27}.Release|x64.Build.0 = Release|x64
	EndGlobalSection
	GlobalSection(SolutionProperties) = preSolution
		HideSolutionNode = FALSE
	EndGlobalSection
	GlobalSection(ExtensibilityGlobals) = postSolution
		SolutionGuid = {345CE32B-F9FC-42F6-9129-BD0ADB7695F2}
	EndGlobalSection
EndGlobal
